
Microsoft Visual Studio Solution File, Format Version 12.00
# Visual Studio 15
VisualStudioVersion = 15.0.27703.2042
MinimumVisualStudioVersion = 10.0.40219.1
Project("{FAE04EC0-301F-11D3-BF4B-00C04F79EFBC}") = "SpriteMaker", "SpriteMaker\SpriteMaker.csproj", "{57508D56-48CC-4807-AA91-98B68AFDFDCF}"
EndProject
Global
	GlobalSection(SolutionConfigurationPlatforms) = preSolution
		Debug|Any CPU = Debug|Any CPU
		Release|Any CPU = Release|Any CPU
	EndGlobalSection
	GlobalSection(ProjectConfigurationPlatforms) = postSolution
		{57508D56-48CC-4807-AA91-98B68AFDFDCF}.Debug|Any CPU.ActiveCfg = Debug|Any CPU
		{57508D56-48CC-4807-AA91-98B68AFDFDCF}.Debug|Any CPU.Build.0 = Debug|Any CPU
		{57508D56-48CC-4807-AA91-98B68AFDFDCF}.Release|Any CPU.ActiveCfg = Release|Any CPU
		{57508D56-48CC-4807-AA91-98B68AFDFDCF}.Release|Any CPU.Build.0 = Release|Any CPU
	EndGlobalSection
	GlobalSection(SolutionProperties) = preSolution
		HideSolutionNode = FALSE
	EndGlobalSection
	GlobalSection(ExtensibilityGlobals) = postSolution
		SolutionGuid = {CF9F9AE0-25B8-418B-8D95-927175AD4ED3}
	EndGlobalSection
EndGlobal
